
Microsoft Visual Studio Solution File, Format Version 12.00
# Visual Studio Version 17
VisualStudioVersion = 17.7.34031.279
MinimumVisualStudioVersion = 10.0.40219.1
Project("{FAE04EC0-301F-11D3-BF4B-00C04F79EFBC}") = "BubbleTea", "BubbleTea.csproj", "{EE47D150-5173-4964-A2FC-1A245111FB0C}"
EndProject
Global
	GlobalSection(SolutionConfigurationPlatforms) = preSolution
		Debug|Any CPU = Debug|Any CPU
		Release|Any CPU = Release|Any CPU
	EndGlobalSection
	GlobalSection(ProjectConfigurationPlatforms) = postSolution
		{EE47D150-5173-4964-A2FC-1A245111FB0C}.Debug|Any CPU.ActiveCfg = Debug|Any CPU
		{EE47D150-5173-4964-A2FC-1A245111FB0C}.Debug|Any CPU.Build.0 = Debug|Any CPU
		{EE47D150-5173-4964-A2FC-1A245111FB0C}.Release|Any CPU.ActiveCfg = Release|Any CPU
		{EE47D150-5173-4964-A2FC-1A245111FB0C}.Release|Any CPU.Build.0 = Release|Any CPU
	EndGlobalSection
	GlobalSection(SolutionProperties) = preSolution
		HideSolutionNode = FALSE
	EndGlobalSection
	GlobalSection(ExtensibilityGlobals) = postSolution
		SolutionGuid = {8FB2B24B-DFA4-4D5E-8A50-6B056977F9CE}
	EndGlobalSection
EndGlobal
